// !$*UTF8*$!
{
	archiveVersion = 1;
	classes = {
	};
	objectVersion = 50;
	objects = {

/* Begin PBXBuildFile section */
		6E8C957B21778AB100C64BFC /* libiconv.2.4.0.tbd in Frameworks */ = {isa = PBXBuildFile; fileRef = 6E8C957A21778AB100C64BFC /* libiconv.2.4.0.tbd */; };
		6E8C95D0217794FB00C64BFC /* libffmpeg.a in Frameworks */ = {isa = PBXBuildFile; fileRef = 6E8C95CF217794FB00C64BFC /* libffmpeg.a */; };
		6EB21FDF2175697D00F682F2 /* AudioPlayer.mm in Sources */ = {isa = PBXBuildFile; fileRef = 6EB21FDE2175697D00F682F2 /* AudioPlayer.mm */; };
		6EFCED2A216ECAAE0036F481 /* AppDelegate.m in Sources */ = {isa = PBXBuildFile; fileRef = 6EFCED29216ECAAE0036F481 /* AppDelegate.m */; };
		6EFCED2D216ECAAE0036F481 /* ViewController.m in Sources */ = {isa = PBXBuildFile; fileRef = 6EFCED2C216ECAAE0036F481 /* ViewController.m */; };
		6EFCED30216ECAAE0036F481 /* Main.storyboard in Resources */ = {isa = PBXBuildFile; fileRef = 6EFCED2E216ECAAE0036F481 /* Main.storyboard */; };
		6EFCED32216ECAB00036F481 /* Assets.xcassets in Resources */ = {isa = PBXBuildFile; fileRef = 6EFCED31216ECAB00036F481 /* Assets.xcassets */; };
		6EFCED35216ECAB00036F481 /* LaunchScreen.storyboard in Resources */ = {isa = PBXBuildFile; fileRef = 6EFCED33216ECAB00036F481 /* LaunchScreen.storyboard */; };
		6EFCED38216ECAB00036F481 /* main.m in Sources */ = {isa = PBXBuildFile; fileRef = 6EFCED37216ECAB00036F481 /* main.m */; };
		6EFCED42216ECAB00036F481 /* AudioPlayerTests.m in Sources */ = {isa = PBXBuildFile; fileRef = 6EFCED41216ECAB00036F481 /* AudioPlayerTests.m */; };
		6EFCED4D216ECAB00036F481 /* AudioPlayerUITests.m in Sources */ = {isa = PBXBuildFile; fileRef = 6EFCED4C216ECAB00036F481 /* AudioPlayerUITests.m */; };
		6EFCEE66216ECC130036F481 /* packet_pool.cpp in Sources */ = {isa = PBXBuildFile; fileRef = 6EFCEE5F216ECC130036F481 /* packet_pool.cpp */; };
		6EFCEE67216ECC130036F481 /* accompany_decoder.cpp in Sources */ = {isa = PBXBuildFile; fileRef = 6EFCEE60216ECC130036F481 /* accompany_decoder.cpp */; };
		6EFCEE68216ECC130036F481 /* packet_queue.cpp in Sources */ = {isa = PBXBuildFile; fileRef = 6EFCEE64216ECC130036F481 /* packet_queue.cpp */; };
		6EFCEE69216ECC130036F481 /* accompany_decoder_controller.cpp in Sources */ = {isa = PBXBuildFile; fileRef = 6EFCEE65216ECC130036F481 /* accompany_decoder_controller.cpp */; };
		6EFCEE6D216ECC240036F481 /* 111.aac in Resources */ = {isa = PBXBuildFile; fileRef = 6EFCEE6B216ECC240036F481 /* 111.aac */; };
		6EFCEE6E216ECC240036F481 /* 131.aac in Resources */ = {isa = PBXBuildFile; fileRef = 6EFCEE6C216ECC240036F481 /* 131.aac */; };
		6EFCEE72216ECC400036F481 /* CommonUtil.m in Sources */ = {isa = PBXBuildFile; fileRef = 6EFCEE70216ECC3F0036F481 /* CommonUtil.m */; };
		6EFCEE77216ECC6F0036F481 /* ELAudioSession.m in Sources */ = {isa = PBXBuildFile; fileRef = 6EFCEE75216ECC6F0036F481 /* ELAudioSession.m */; };
		6EFCEE78216ECC6F0036F481 /* AVAudioSession+RouteUtils.m in Sources */ = {isa = PBXBuildFile; fileRef = 6EFCEE76216ECC6F0036F481 /* AVAudioSession+RouteUtils.m */; };
		6EFCEE7B216ECC890036F481 /* AudioOutput.m in Sources */ = {isa = PBXBuildFile; fileRef = 6EFCEE7A216ECC890036F481 /* AudioOutput.m */; };
/* End PBXBuildFile section */

/* Begin PBXContainerItemProxy section */
		6EFCED3E216ECAB00036F481 /* PBXContainerItemProxy */ = {
			isa = PBXContainerItemProxy;
			containerPortal = 6EFCED1D216ECAAD0036F481 /* Project object */;
			proxyType = 1;
			remoteGlobalIDString = 6EFCED24216ECAAE0036F481;
			remoteInfo = AudioPlayer;
		};
		6EFCED49216ECAB00036F481 /* PBXContainerItemProxy */ = {
			isa = PBXContainerItemProxy;
			containerPortal = 6EFCED1D216ECAAD0036F481 /* Project object */;
			proxyType = 1;
			remoteGlobalIDString = 6EFCED24216ECAAE0036F481;
			remoteInfo = AudioPlayer;
		};
/* End PBXContainerItemProxy section */

/* Begin PBXFileReference section */
		6E8C957A21778AB100C64BFC /* libiconv.2.4.0.tbd */ = {isa = PBXFileReference; lastKnownFileType = "sourcecode.text-based-dylib-definition"; name = libiconv.2.4.0.tbd; path = usr/lib/libiconv.2.4.0.tbd; sourceTree = SDKROOT; };
		6E8C957F217794FB00C64BFC /* avcodec.h */ = {isa = PBXFileReference; fileEncoding = 4; lastKnownFileType = sourcecode.c.h; path = avcodec.h; sourceTree = "<group>"; };
		6E8C9580217794FB00C64BFC /* version.h */ = {isa = PBXFileReference; fileEncoding = 4; lastKnownFileType = sourcecode.c.h; path = version.h; sourceTree = "<group>"; };
		6E8C9581217794FB00C64BFC /* buffersrc.h */ = {isa = PBXFileReference; fileEncoding = 4; lastKnownFileType = sourcecode.c.h; path = buffersrc.h; sourceTree = "<group>"; };
		6E8C9582217794FB00C64BFC /* asrc_abuffer.h */ = {isa = PBXFileReference; fileEncoding = 4; lastKnownFileType = sourcecode.c.h; path = asrc_abuffer.h; sourceTree = "<group>"; };
		6E8C9583217794FB00C64BFC /* buffersink.h */ = {isa = PBXFileReference; fileEncoding = 4; lastKnownFileType = sourcecode.c.h; path = buffersink.h; sourceTree = "<group>"; };
		6E8C9584217794FB00C64BFC /* avfilter.h */ = {isa = PBXFileReference; fileEncoding = 4; lastKnownFileType = sourcecode.c.h; path = avfilter.h; sourceTree = "<group>"; };
		6E8C9585217794FB00C64BFC /* avfiltergraph.h */ = {isa = PBXFileReference; fileEncoding = 4; lastKnownFileType = sourcecode.c.h; path = avfiltergraph.h; sourceTree = "<group>"; };
		6E8C9587217794FB00C64BFC /* intfloat.h */ = {isa = PBXFileReference; fileEncoding = 4; lastKnownFileType = sourcecode.c.h; path = intfloat.h; sourceTree = "<group>"; };
		6E8C9588217794FB00C64BFC /* error.h */ = {isa = PBXFileReference; fileEncoding = 4; lastKnownFileType = sourcecode.c.h; path = error.h; sourceTree = "<group>"; };
		6E8C9589217794FB00C64BFC /* fifo.h */ = {isa = PBXFileReference; fileEncoding = 4; lastKnownFileType = sourcecode.c.h; path = fifo.h; sourceTree = "<group>"; };
		6E8C958A217794FB00C64BFC /* blowfish.h */ = {isa = PBXFileReference; fileEncoding = 4; lastKnownFileType = sourcecode.c.h; path = blowfish.h; sourceTree = "<group>"; };
		6E8C958B217794FB00C64BFC /* version.h */ = {isa = PBXFileReference; fileEncoding = 4; lastKnownFileType = sourcecode.c.h; path = version.h; sourceTree = "<group>"; };
		6E8C958C217794FB00C64BFC /* murmur3.h */ = {isa = PBXFileReference; fileEncoding = 4; lastKnownFileType = sourcecode.c.h; path = murmur3.h; sourceTree = "<group>"; };
		6E8C958D217794FB00C64BFC /* samplefmt.h */ = {isa = PBXFileReference; fileEncoding = 4; lastKnownFileType = sourcecode.c.h; path = samplefmt.h; sourceTree = "<group>"; };
		6E8C958E217794FB00C64BFC /* pixdesc.h */ = {isa = PBXFileReference; fileEncoding = 4; lastKnownFileType = sourcecode.c.h; path = pixdesc.h; sourceTree = "<group>"; };
		6E8C958F217794FB00C64BFC /* base64.h */ = {isa = PBXFileReference; fileEncoding = 4; lastKnownFileType = sourcecode.c.h; path = base64.h; sourceTree = "<group>"; };
		6E8C9590217794FB00C64BFC /* rational.h */ = {isa = PBXFileReference; fileEncoding = 4; lastKnownFileType = sourcecode.c.h; path = rational.h; sourceTree = "<group>"; };
		6E8C9591217794FB00C64BFC /* sha.h */ = {isa = PBXFileReference; fileEncoding = 4; lastKnownFileType = sourcecode.c.h; path = sha.h; sourceTree = "<group>"; };
		6E8C9592217794FB00C64BFC /* avconfig.h */ = {isa = PBXFileReference; fileEncoding = 4; lastKnownFileType = sourcecode.c.h; path = avconfig.h; sourceTree = "<group>"; };
		6E8C9593217794FB00C64BFC /* lfg.h */ = {isa = PBXFileReference; fileEncoding = 4; lastKnownFileType = sourcecode.c.h; path = lfg.h; sourceTree = "<group>"; };
		6E8C9594217794FB00C64BFC /* avutil.h */ = {isa = PBXFileReference; fileEncoding = 4; lastKnownFileType = sourcecode.c.h; path = avutil.h; sourceTree = "<group>"; };
		6E8C9595217794FB00C64BFC /* intfloat_readwrite.h */ = {isa = PBXFileReference; fileEncoding = 4; lastKnownFileType = sourcecode.c.h; path = intfloat_readwrite.h; sourceTree = "<group>"; };
		6E8C9596217794FB00C64BFC /* time_x.h */ = {isa = PBXFileReference; fileEncoding = 4; lastKnownFileType = sourcecode.c.h; path = time_x.h; sourceTree = "<group>"; };
		6E8C9597217794FB00C64BFC /* xtea.h */ = {isa = PBXFileReference; fileEncoding = 4; lastKnownFileType = sourcecode.c.h; path = xtea.h; sourceTree = "<group>"; };
		6E8C9598217794FB00C64BFC /* crc.h */ = {isa = PBXFileReference; fileEncoding = 4; lastKnownFileType = sourcecode.c.h; path = crc.h; sourceTree = "<group>"; };
		6E8C9599217794FB00C64BFC /* frame.h */ = {isa = PBXFileReference; fileEncoding = 4; lastKnownFileType = sourcecode.c.h; path = frame.h; sourceTree = "<group>"; };
		6E8C959A217794FB00C64BFC /* file.h */ = {isa = PBXFileReference; fileEncoding = 4; lastKnownFileType = sourcecode.c.h; path = file.h; sourceTree = "<group>"; };
		6E8C959B217794FB00C64BFC /* md5.h */ = {isa = PBXFileReference; fileEncoding = 4; lastKnownFileType = sourcecode.c.h; path = md5.h; sourceTree = "<group>"; };
		6E8C959C217794FB00C64BFC /* audio_fifo.h */ = {isa = PBXFileReference; fileEncoding = 4; lastKnownFileType = sourcecode.c.h; path = audio_fifo.h; sourceTree = "<group>"; };
		6E8C959D217794FB00C64BFC /* attributes.h */ = {isa = PBXFileReference; fileEncoding = 4; lastKnownFileType = sourcecode.c.h; path = attributes.h; sourceTree = "<group>"; };
		6E8C959E217794FB00C64BFC /* adler32.h */ = {isa = PBXFileReference; fileEncoding = 4; lastKnownFileType = sourcecode.c.h; path = adler32.h; sourceTree = "<group>"; };
		6E8C959F217794FB00C64BFC /* timecode.h */ = {isa = PBXFileReference; fileEncoding = 4; lastKnownFileType = sourcecode.c.h; path = timecode.h; sourceTree = "<group>"; };
		6E8C95A0217794FB00C64BFC /* sha512.h */ = {isa = PBXFileReference; fileEncoding = 4; lastKnownFileType = sourcecode.c.h; path = sha512.h; sourceTree = "<group>"; };
		6E8C95A1217794FB00C64BFC /* buffer.h */ = {isa = PBXFileReference; fileEncoding = 4; lastKnownFileType = sourcecode.c.h; path = buffer.h; sourceTree = "<group>"; };
		6E8C95A2217794FB00C64BFC /* common.h */ = {isa = PBXFileReference; fileEncoding = 4; lastKnownFileType = sourcecode.c.h; path = common.h; sourceTree = "<group>"; };
		6E8C95A3217794FB00C64BFC /* hmac.h */ = {isa = PBXFileReference; fileEncoding = 4; lastKnownFileType = sourcecode.c.h; path = hmac.h; sourceTree = "<group>"; };
		6E8C95A4217794FB00C64BFC /* eval.h */ = {isa = PBXFileReference; fileEncoding = 4; lastKnownFileType = sourcecode.c.h; path = eval.h; sourceTree = "<group>"; };
		6E8C95A5217794FB00C64BFC /* dict.h */ = {isa = PBXFileReference; fileEncoding = 4; lastKnownFileType = sourcecode.c.h; path = dict.h; sourceTree = "<group>"; };
		6E8C95A6217794FB00C64BFC /* random_seed.h */ = {isa = PBXFileReference; fileEncoding = 4; lastKnownFileType = sourcecode.c.h; path = random_seed.h; sourceTree = "<group>"; };
		6E8C95A7217794FB00C64BFC /* opt.h */ = {isa = PBXFileReference; fileEncoding = 4; lastKnownFileType = sourcecode.c.h; path = opt.h; sourceTree = "<group>"; };
		6E8C95A8217794FB00C64BFC /* log.h */ = {isa = PBXFileReference; fileEncoding = 4; lastKnownFileType = sourcecode.c.h; path = log.h; sourceTree = "<group>"; };
		6E8C95A9217794FB00C64BFC /* aes.h */ = {isa = PBXFileReference; fileEncoding = 4; lastKnownFileType = sourcecode.c.h; path = aes.h; sourceTree = "<group>"; };
		6E8C95AA217794FB00C64BFC /* bswap.h */ = {isa = PBXFileReference; fileEncoding = 4; lastKnownFileType = sourcecode.c.h; path = bswap.h; sourceTree = "<group>"; };
		6E8C95AB217794FB00C64BFC /* old_pix_fmts.h */ = {isa = PBXFileReference; fileEncoding = 4; lastKnownFileType = sourcecode.c.h; path = old_pix_fmts.h; sourceTree = "<group>"; };
		6E8C95AC217794FB00C64BFC /* cpu.h */ = {isa = PBXFileReference; fileEncoding = 4; lastKnownFileType = sourcecode.c.h; path = cpu.h; sourceTree = "<group>"; };
		6E8C95AD217794FB00C64BFC /* audioconvert.h */ = {isa = PBXFileReference; fileEncoding = 4; lastKnownFileType = sourcecode.c.h; path = audioconvert.h; sourceTree = "<group>"; };
		6E8C95AE217794FB00C64BFC /* channel_layout.h */ = {isa = PBXFileReference; fileEncoding = 4; lastKnownFileType = sourcecode.c.h; path = channel_layout.h; sourceTree = "<group>"; };
		6E8C95AF217794FB00C64BFC /* imgutils.h */ = {isa = PBXFileReference; fileEncoding = 4; lastKnownFileType = sourcecode.c.h; path = imgutils.h; sourceTree = "<group>"; };
		6E8C95B0217794FB00C64BFC /* mem.h */ = {isa = PBXFileReference; fileEncoding = 4; lastKnownFileType = sourcecode.c.h; path = mem.h; sourceTree = "<group>"; };
		6E8C95B1217794FB00C64BFC /* parseutils.h */ = {isa = PBXFileReference; fileEncoding = 4; lastKnownFileType = sourcecode.c.h; path = parseutils.h; sourceTree = "<group>"; };
		6E8C95B2217794FB00C64BFC /* ripemd.h */ = {isa = PBXFileReference; fileEncoding = 4; lastKnownFileType = sourcecode.c.h; path = ripemd.h; sourceTree = "<group>"; };
		6E8C95B3217794FB00C64BFC /* bprint.h */ = {isa = PBXFileReference; fileEncoding = 4; lastKnownFileType = sourcecode.c.h; path = bprint.h; sourceTree = "<group>"; };
		6E8C95B4217794FB00C64BFC /* pixfmt.h */ = {isa = PBXFileReference; fileEncoding = 4; lastKnownFileType = sourcecode.c.h; path = pixfmt.h; sourceTree = "<group>"; };
		6E8C95B5217794FB00C64BFC /* timestamp.h */ = {isa = PBXFileReference; fileEncoding = 4; lastKnownFileType = sourcecode.c.h; path = timestamp.h; sourceTree = "<group>"; };
		6E8C95B6217794FB00C64BFC /* avassert.h */ = {isa = PBXFileReference; fileEncoding = 4; lastKnownFileType = sourcecode.c.h; path = avassert.h; sourceTree = "<group>"; };
		6E8C95B7217794FB00C64BFC /* mathematics.h */ = {isa = PBXFileReference; fileEncoding = 4; lastKnownFileType = sourcecode.c.h; path = mathematics.h; sourceTree = "<group>"; };
		6E8C95B8217794FB00C64BFC /* intreadwrite.h */ = {isa = PBXFileReference; fileEncoding = 4; lastKnownFileType = sourcecode.c.h; path = intreadwrite.h; sourceTree = "<group>"; };
		6E8C95B9217794FB00C64BFC /* avstring.h */ = {isa = PBXFileReference; fileEncoding = 4; lastKnownFileType = sourcecode.c.h; path = avstring.h; sourceTree = "<group>"; };
		6E8C95BB217794FB00C64BFC /* version.h */ = {isa = PBXFileReference; fileEncoding = 4; lastKnownFileType = sourcecode.c.h; path = version.h; sourceTree = "<group>"; };
		6E8C95BC217794FB00C64BFC /* avio.h */ = {isa = PBXFileReference; fileEncoding = 4; lastKnownFileType = sourcecode.c.h; path = avio.h; sourceTree = "<group>"; };
		6E8C95BD217794FB00C64BFC /* avformat.h */ = {isa = PBXFileReference; fileEncoding = 4; lastKnownFileType = sourcecode.c.h; path = avformat.h; sourceTree = "<group>"; };
		6E8C95BF217794FB00C64BFC /* version.h */ = {isa = PBXFileReference; fileEncoding = 4; lastKnownFileType = sourcecode.c.h; path = version.h; sourceTree = "<group>"; };
		6E8C95C0217794FB00C64BFC /* swscale.h */ = {isa = PBXFileReference; fileEncoding = 4; lastKnownFileType = sourcecode.c.h; path = swscale.h; sourceTree = "<group>"; };
		6E8C95C2217794FB00C64BFC /* avcodec.h */ = {isa = PBXFileReference; fileEncoding = 4; lastKnownFileType = sourcecode.c.h; path = avcodec.h; sourceTree = "<group>"; };
		6E8C95C3217794FB00C64BFC /* version.h */ = {isa = PBXFileReference; fileEncoding = 4; lastKnownFileType = sourcecode.c.h; path = version.h; sourceTree = "<group>"; };
		6E8C95C4217794FB00C64BFC /* vdpau.h */ = {isa = PBXFileReference; fileEncoding = 4; lastKnownFileType = sourcecode.c.h; path = vdpau.h; sourceTree = "<group>"; };
		6E8C95C5217794FB00C64BFC /* vaapi.h */ = {isa = PBXFileReference; fileEncoding = 4; lastKnownFileType = sourcecode.c.h; path = vaapi.h; sourceTree = "<group>"; };
		6E8C95C6217794FB00C64BFC /* xvmc.h */ = {isa = PBXFileReference; fileEncoding = 4; lastKnownFileType = sourcecode.c.h; path = xvmc.h; sourceTree = "<group>"; };
		6E8C95C7217794FB00C64BFC /* avfft.h */ = {isa = PBXFileReference; fileEncoding = 4; lastKnownFileType = sourcecode.c.h; path = avfft.h; sourceTree = "<group>"; };
		6E8C95C8217794FB00C64BFC /* vda.h */ = {isa = PBXFileReference; fileEncoding = 4; lastKnownFileType = sourcecode.c.h; path = vda.h; sourceTree = "<group>"; };
		6E8C95C9217794FB00C64BFC /* dxva2.h */ = {isa = PBXFileReference; fileEncoding = 4; lastKnownFileType = sourcecode.c.h; path = dxva2.h; sourceTree = "<group>"; };
		6E8C95CA217794FB00C64BFC /* old_codec_ids.h */ = {isa = PBXFileReference; fileEncoding = 4; lastKnownFileType = sourcecode.c.h; path = old_codec_ids.h; sourceTree = "<group>"; };
		6E8C95CC217794FB00C64BFC /* version.h */ = {isa = PBXFileReference; fileEncoding = 4; lastKnownFileType = sourcecode.c.h; path = version.h; sourceTree = "<group>"; };
		6E8C95CD217794FB00C64BFC /* swresample.h */ = {isa = PBXFileReference; fileEncoding = 4; lastKnownFileType = sourcecode.c.h; path = swresample.h; sourceTree = "<group>"; };
		6E8C95CF217794FB00C64BFC /* libffmpeg.a */ = {isa = PBXFileReference; lastKnownFileType = archive.ar; path = libffmpeg.a; sourceTree = "<group>"; };
		6EB21FDD2175697D00F682F2 /* AudioPlayer.h */ = {isa = PBXFileReference; lastKnownFileType = sourcecode.c.h; path = AudioPlayer.h; sourceTree = "<group>"; };
		6EB21FDE2175697D00F682F2 /* AudioPlayer.mm */ = {isa = PBXFileReference; lastKnownFileType = sourcecode.cpp.objcpp; path = AudioPlayer.mm; sourceTree = "<group>"; };
		6EFCED25216ECAAE0036F481 /* AudioPlayer.app */ = {isa = PBXFileReference; explicitFileType = wrapper.application; includeInIndex = 0; path = AudioPlayer.app; sourceTree = BUILT_PRODUCTS_DIR; };
		6EFCED28216ECAAE0036F481 /* AppDelegate.h */ = {isa = PBXFileReference; lastKnownFileType = sourcecode.c.h; path = AppDelegate.h; sourceTree = "<group>"; };
		6EFCED29216ECAAE0036F481 /* AppDelegate.m */ = {isa = PBXFileReference; lastKnownFileType = sourcecode.c.objc; path = AppDelegate.m; sourceTree = "<group>"; };
		6EFCED2B216ECAAE0036F481 /* ViewController.h */ = {isa = PBXFileReference; lastKnownFileType = sourcecode.c.h; path = ViewController.h; sourceTree = "<group>"; };
		6EFCED2C216ECAAE0036F481 /* ViewController.m */ = {isa = PBXFileReference; lastKnownFileType = sourcecode.c.objc; path = ViewController.m; sourceTree = "<group>"; };
		6EFCED2F216ECAAE0036F481 /* Base */ = {isa = PBXFileReference; lastKnownFileType = file.storyboard; name = Base; path = Base.lproj/Main.storyboard; sourceTree = "<group>"; };
		6EFCED31216ECAB00036F481 /* Assets.xcassets */ = {isa = PBXFileReference; lastKnownFileType = folder.assetcatalog; path = Assets.xcassets; sourceTree = "<group>"; };
		6EFCED34216ECAB00036F481 /* Base */ = {isa = PBXFileReference; lastKnownFileType = file.storyboard; name = Base; path = Base.lproj/LaunchScreen.storyboard; sourceTree = "<group>"; };
		6EFCED36216ECAB00036F481 /* Info.plist */ = {isa = PBXFileReference; lastKnownFileType = text.plist.xml; path = Info.plist; sourceTree = "<group>"; };
		6EFCED37216ECAB00036F481 /* main.m */ = {isa = PBXFileReference; lastKnownFileType = sourcecode.c.objc; path = main.m; sourceTree = "<group>"; };
		6EFCED3D216ECAB00036F481 /* AudioPlayerTests.xctest */ = {isa = PBXFileReference; explicitFileType = wrapper.cfbundle; includeInIndex = 0; path = AudioPlayerTests.xctest; sourceTree = BUILT_PRODUCTS_DIR; };
		6EFCED41216ECAB00036F481 /* AudioPlayerTests.m */ = {isa = PBXFileReference; lastKnownFileType = sourcecode.c.objc; path = AudioPlayerTests.m; sourceTree = "<group>"; };
		6EFCED43216ECAB00036F481 /* Info.plist */ = {isa = PBXFileReference; lastKnownFileType = text.plist.xml; path = Info.plist; sourceTree = "<group>"; };
		6EFCED48216ECAB00036F481 /* AudioPlayerUITests.xctest */ = {isa = PBXFileReference; explicitFileType = wrapper.cfbundle; includeInIndex = 0; path = AudioPlayerUITests.xctest; sourceTree = BUILT_PRODUCTS_DIR; };
		6EFCED4C216ECAB00036F481 /* AudioPlayerUITests.m */ = {isa = PBXFileReference; lastKnownFileType = sourcecode.c.objc; path = AudioPlayerUITests.m; sourceTree = "<group>"; };
		6EFCED4E216ECAB00036F481 /* Info.plist */ = {isa = PBXFileReference; lastKnownFileType = text.plist.xml; path = Info.plist; sourceTree = "<group>"; };
		6EFCEE5E216ECC130036F481 /* packet_queue.h */ = {isa = PBXFileReference; fileEncoding = 4; lastKnownFileType = sourcecode.c.h; path = packet_queue.h; sourceTree = "<group>"; };
		6EFCEE5F216ECC130036F481 /* packet_pool.cpp */ = {isa = PBXFileReference; fileEncoding = 4; lastKnownFileType = sourcecode.cpp.cpp; path = packet_pool.cpp; sourceTree = "<group>"; };
		6EFCEE60216ECC130036F481 /* accompany_decoder.cpp */ = {isa = PBXFileReference; fileEncoding = 4; lastKnownFileType = sourcecode.cpp.cpp; path = accompany_decoder.cpp; sourceTree = "<group>"; };
		6EFCEE61216ECC130036F481 /* accompany_decoder_controller.h */ = {isa = PBXFileReference; fileEncoding = 4; lastKnownFileType = sourcecode.c.h; path = accompany_decoder_controller.h; sourceTree = "<group>"; };
		6EFCEE62216ECC130036F481 /* packet_pool.h */ = {isa = PBXFileReference; fileEncoding = 4; lastKnownFileType = sourcecode.c.h; path = packet_pool.h; sourceTree = "<group>"; };
		6EFCEE63216ECC130036F481 /* accompany_decoder.h */ = {isa = PBXFileReference; fileEncoding = 4; lastKnownFileType = sourcecode.c.h; path = accompany_decoder.h; sourceTree = "<group>"; };
		6EFCEE64216ECC130036F481 /* packet_queue.cpp */ = {isa = PBXFileReference; fileEncoding = 4; lastKnownFileType = sourcecode.cpp.cpp; path = packet_queue.cpp; sourceTree = "<group>"; };
		6EFCEE65216ECC130036F481 /* accompany_decoder_controller.cpp */ = {isa = PBXFileReference; fileEncoding = 4; lastKnownFileType = sourcecode.cpp.cpp; path = accompany_decoder_controller.cpp; sourceTree = "<group>"; };
		6EFCEE6B216ECC240036F481 /* 111.aac */ = {isa = PBXFileReference; lastKnownFileType = file; path = 111.aac; sourceTree = "<group>"; };
		6EFCEE6C216ECC240036F481 /* 131.aac */ = {isa = PBXFileReference; lastKnownFileType = file; path = 131.aac; sourceTree = "<group>"; };
		6EFCEE70216ECC3F0036F481 /* CommonUtil.m */ = {isa = PBXFileReference; fileEncoding = 4; lastKnownFileType = sourcecode.c.objc; path = CommonUtil.m; sourceTree = "<group>"; };
		6EFCEE71216ECC3F0036F481 /* CommonUtil.h */ = {isa = PBXFileReference; fileEncoding = 4; lastKnownFileType = sourcecode.c.h; path = CommonUtil.h; sourceTree = "<group>"; };
		6EFCEE73216ECC6E0036F481 /* ELAudioSession.h */ = {isa = PBXFileReference; fileEncoding = 4; lastKnownFileType = sourcecode.c.h; path = ELAudioSession.h; sourceTree = "<group>"; };
		6EFCEE74216ECC6F0036F481 /* AVAudioSession+RouteUtils.h */ = {isa = PBXFileReference; fileEncoding = 4; lastKnownFileType = sourcecode.c.h; path = "AVAudioSession+RouteUtils.h"; sourceTree = "<group>"; };
		6EFCEE75216ECC6F0036F481 /* ELAudioSession.m */ = {isa = PBXFileReference; fileEncoding = 4; lastKnownFileType = sourcecode.c.objc; path = ELAudioSession.m; sourceTree = "<group>"; };
		6EFCEE76216ECC6F0036F481 /* AVAudioSession+RouteUtils.m */ = {isa = PBXFileReference; fileEncoding = 4; lastKnownFileType = sourcecode.c.objc; path = "AVAudioSession+RouteUtils.m"; sourceTree = "<group>"; };
		6EFCEE79216ECC890036F481 /* AudioOutput.h */ = {isa = PBXFileReference; lastKnownFileType = sourcecode.c.h; path = AudioOutput.h; sourceTree = "<group>"; };
		6EFCEE7A216ECC890036F481 /* AudioOutput.m */ = {isa = PBXFileReference; lastKnownFileType = sourcecode.c.objc; path = AudioOutput.m; sourceTree = "<group>"; };
/* End PBXFileReference section */

/* Begin PBXFrameworksBuildPhase section */
		6EFCED22216ECAAE0036F481 /* Frameworks */ = {
			isa = PBXFrameworksBuildPhase;
			buildActionMask = 2147483647;
			files = (
				6E8C95D0217794FB00C64BFC /* libffmpeg.a in Frameworks */,
				6E8C957B21778AB100C64BFC /* libiconv.2.4.0.tbd in Frameworks */,
			);
			runOnlyForDeploymentPostprocessing = 0;
		};
		6EFCED3A216ECAB00036F481 /* Frameworks */ = {
			isa = PBXFrameworksBuildPhase;
			buildActionMask = 2147483647;
			files = (
			);
			runOnlyForDeploymentPostprocessing = 0;
		};
		6EFCED45216ECAB00036F481 /* Frameworks */ = {
			isa = PBXFrameworksBuildPhase;
			buildActionMask = 2147483647;
			files = (
			);
			runOnlyForDeploymentPostprocessing = 0;
		};
/* End PBXFrameworksBuildPhase section */

/* Begin PBXGroup section */
		6E8C957921778AB000C64BFC /* Frameworks */ = {
			isa = PBXGroup;
			children = (
				6E8C957A21778AB100C64BFC /* libiconv.2.4.0.tbd */,
			);
			name = Frameworks;
			sourceTree = "<group>";
		};
		6E8C957C217794FB00C64BFC /* ffmpeg */ = {
			isa = PBXGroup;
			children = (
				6E8C957D217794FB00C64BFC /* include */,
				6E8C95CE217794FB00C64BFC /* lib */,
			);
			path = ffmpeg;
			sourceTree = "<group>";
		};
		6E8C957D217794FB00C64BFC /* include */ = {
			isa = PBXGroup;
			children = (
				6E8C957E217794FB00C64BFC /* libavfilter */,
				6E8C9586217794FB00C64BFC /* libavutil */,
				6E8C95BA217794FB00C64BFC /* libavformat */,
				6E8C95BE217794FB00C64BFC /* libswscale */,
				6E8C95C1217794FB00C64BFC /* libavcodec */,
				6E8C95CB217794FB00C64BFC /* libswresample */,
			);
			path = include;
			sourceTree = "<group>";
		};
		6E8C957E217794FB00C64BFC /* libavfilter */ = {
			isa = PBXGroup;
			children = (
				6E8C957F217794FB00C64BFC /* avcodec.h */,
				6E8C9580217794FB00C64BFC /* version.h */,
				6E8C9581217794FB00C64BFC /* buffersrc.h */,
				6E8C9582217794FB00C64BFC /* asrc_abuffer.h */,
				6E8C9583217794FB00C64BFC /* buffersink.h */,
				6E8C9584217794FB00C64BFC /* avfilter.h */,
				6E8C9585217794FB00C64BFC /* avfiltergraph.h */,
			);
			path = libavfilter;
			sourceTree = "<group>";
		};
		6E8C9586217794FB00C64BFC /* libavutil */ = {
			isa = PBXGroup;
			children = (
				6E8C9587217794FB00C64BFC /* intfloat.h */,
				6E8C9588217794FB00C64BFC /* error.h */,
				6E8C9589217794FB00C64BFC /* fifo.h */,
				6E8C958A217794FB00C64BFC /* blowfish.h */,
				6E8C958B217794FB00C64BFC /* version.h */,
				6E8C958C217794FB00C64BFC /* murmur3.h */,
				6E8C958D217794FB00C64BFC /* samplefmt.h */,
				6E8C958E217794FB00C64BFC /* pixdesc.h */,
				6E8C958F217794FB00C64BFC /* base64.h */,
				6E8C9590217794FB00C64BFC /* rational.h */,
				6E8C9591217794FB00C64BFC /* sha.h */,
				6E8C9592217794FB00C64BFC /* avconfig.h */,
				6E8C9593217794FB00C64BFC /* lfg.h */,
				6E8C9594217794FB00C64BFC /* avutil.h */,
				6E8C9595217794FB00C64BFC /* intfloat_readwrite.h */,
				6E8C9596217794FB00C64BFC /* time_x.h */,
				6E8C9597217794FB00C64BFC /* xtea.h */,
				6E8C9598217794FB00C64BFC /* crc.h */,
				6E8C9599217794FB00C64BFC /* frame.h */,
				6E8C959A217794FB00C64BFC /* file.h */,
				6E8C959B217794FB00C64BFC /* md5.h */,
				6E8C959C217794FB00C64BFC /* audio_fifo.h */,
				6E8C959D217794FB00C64BFC /* attributes.h */,
				6E8C959E217794FB00C64BFC /* adler32.h */,
				6E8C959F217794FB00C64BFC /* timecode.h */,
				6E8C95A0217794FB00C64BFC /* sha512.h */,
				6E8C95A1217794FB00C64BFC /* buffer.h */,
				6E8C95A2217794FB00C64BFC /* common.h */,
				6E8C95A3217794FB00C64BFC /* hmac.h */,
				6E8C95A4217794FB00C64BFC /* eval.h */,
				6E8C95A5217794FB00C64BFC /* dict.h */,
				6E8C95A6217794FB00C64BFC /* random_seed.h */,
				6E8C95A7217794FB00C64BFC /* opt.h */,
				6E8C95A8217794FB00C64BFC /* log.h */,
				6E8C95A9217794FB00C64BFC /* aes.h */,
				6E8C95AA217794FB00C64BFC /* bswap.h */,
				6E8C95AB217794FB00C64BFC /* old_pix_fmts.h */,
				6E8C95AC217794FB00C64BFC /* cpu.h */,
				6E8C95AD217794FB00C64BFC /* audioconvert.h */,
				6E8C95AE217794FB00C64BFC /* channel_layout.h */,
				6E8C95AF217794FB00C64BFC /* imgutils.h */,
				6E8C95B0217794FB00C64BFC /* mem.h */,
				6E8C95B1217794FB00C64BFC /* parseutils.h */,
				6E8C95B2217794FB00C64BFC /* ripemd.h */,
				6E8C95B3217794FB00C64BFC /* bprint.h */,
				6E8C95B4217794FB00C64BFC /* pixfmt.h */,
				6E8C95B5217794FB00C64BFC /* timestamp.h */,
				6E8C95B6217794FB00C64BFC /* avassert.h */,
				6E8C95B7217794FB00C64BFC /* mathematics.h */,
				6E8C95B8217794FB00C64BFC /* intreadwrite.h */,
				6E8C95B9217794FB00C64BFC /* avstring.h */,
			);
			path = libavutil;
			sourceTree = "<group>";
		};
		6E8C95BA217794FB00C64BFC /* libavformat */ = {
			isa = PBXGroup;
			children = (
				6E8C95BB217794FB00C64BFC /* version.h */,
				6E8C95BC217794FB00C64BFC /* avio.h */,
				6E8C95BD217794FB00C64BFC /* avformat.h */,
			);
			path = libavformat;
			sourceTree = "<group>";
		};
		6E8C95BE217794FB00C64BFC /* libswscale */ = {
			isa = PBXGroup;
			children = (
				6E8C95BF217794FB00C64BFC /* version.h */,
				6E8C95C0217794FB00C64BFC /* swscale.h */,
			);
			path = libswscale;
			sourceTree = "<group>";
		};
		6E8C95C1217794FB00C64BFC /* libavcodec */ = {
			isa = PBXGroup;
			children = (
				6E8C95C2217794FB00C64BFC /* avcodec.h */,
				6E8C95C3217794FB00C64BFC /* version.h */,
				6E8C95C4217794FB00C64BFC /* vdpau.h */,
				6E8C95C5217794FB00C64BFC /* vaapi.h */,
				6E8C95C6217794FB00C64BFC /* xvmc.h */,
				6E8C95C7217794FB00C64BFC /* avfft.h */,
				6E8C95C8217794FB00C64BFC /* vda.h */,
				6E8C95C9217794FB00C64BFC /* dxva2.h */,
				6E8C95CA217794FB00C64BFC /* old_codec_ids.h */,
			);
			path = libavcodec;
			sourceTree = "<group>";
		};
		6E8C95CB217794FB00C64BFC /* libswresample */ = {
			isa = PBXGroup;
			children = (
				6E8C95CC217794FB00C64BFC /* version.h */,
				6E8C95CD217794FB00C64BFC /* swresample.h */,
			);
			path = libswresample;
			sourceTree = "<group>";
		};
		6E8C95CE217794FB00C64BFC /* lib */ = {
			isa = PBXGroup;
			children = (
				6E8C95CF217794FB00C64BFC /* libffmpeg.a */,
			);
			path = lib;
			sourceTree = "<group>";
		};
		6EFCED1C216ECAAD0036F481 = {
			isa = PBXGroup;
			children = (
				6EFCED27216ECAAE0036F481 /* AudioPlayer */,
				6EFCED40216ECAB00036F481 /* AudioPlayerTests */,
				6EFCED4B216ECAB00036F481 /* AudioPlayerUITests */,
				6EFCED26216ECAAE0036F481 /* Products */,
				6E8C957921778AB000C64BFC /* Frameworks */,
			);
			sourceTree = "<group>";
		};
		6EFCED26216ECAAE0036F481 /* Products */ = {
			isa = PBXGroup;
			children = (
				6EFCED25216ECAAE0036F481 /* AudioPlayer.app */,
				6EFCED3D216ECAB00036F481 /* AudioPlayerTests.xctest */,
				6EFCED48216ECAB00036F481 /* AudioPlayerUITests.xctest */,
			);
			name = Products;
			sourceTree = "<group>";
		};
		6EFCED27216ECAAE0036F481 /* AudioPlayer */ = {
			isa = PBXGroup;
			children = (
				6EFCEE6F216ECC3F0036F481 /* utils */,
				6EFCEE6A216ECC240036F481 /* resource */,
				6EFCEE5D216ECC130036F481 /* libffmpeg_decoder */,
				6EFCEE5C216ECBF00036F481 /* AudioSession */,
				6EFCEE06216ECBE70036F481 /* 3rdParty */,
				6EFCED5A216ECB320036F481 /* AudioOutput */,
				6EFCED28216ECAAE0036F481 /* AppDelegate.h */,
				6EFCED29216ECAAE0036F481 /* AppDelegate.m */,
				6EFCED2B216ECAAE0036F481 /* ViewController.h */,
				6EFCED2C216ECAAE0036F481 /* ViewController.m */,
				6EFCED2E216ECAAE0036F481 /* Main.storyboard */,
				6EFCED31216ECAB00036F481 /* Assets.xcassets */,
				6EFCED33216ECAB00036F481 /* LaunchScreen.storyboard */,
				6EFCED36216ECAB00036F481 /* Info.plist */,
				6EFCED37216ECAB00036F481 /* main.m */,
				6EB21FDD2175697D00F682F2 /* AudioPlayer.h */,
				6EB21FDE2175697D00F682F2 /* AudioPlayer.mm */,
			);
			path = AudioPlayer;
			sourceTree = "<group>";
		};
		6EFCED40216ECAB00036F481 /* AudioPlayerTests */ = {
			isa = PBXGroup;
			children = (
				6EFCED41216ECAB00036F481 /* AudioPlayerTests.m */,
				6EFCED43216ECAB00036F481 /* Info.plist */,
			);
			path = AudioPlayerTests;
			sourceTree = "<group>";
		};
		6EFCED4B216ECAB00036F481 /* AudioPlayerUITests */ = {
			isa = PBXGroup;
			children = (
				6EFCED4C216ECAB00036F481 /* AudioPlayerUITests.m */,
				6EFCED4E216ECAB00036F481 /* Info.plist */,
			);
			path = AudioPlayerUITests;
			sourceTree = "<group>";
		};
		6EFCED5A216ECB320036F481 /* AudioOutput */ = {
			isa = PBXGroup;
			children = (
				6EFCEE79216ECC890036F481 /* AudioOutput.h */,
				6EFCEE7A216ECC890036F481 /* AudioOutput.m */,
			);
			path = AudioOutput;
			sourceTree = "<group>";
		};
		6EFCEE06216ECBE70036F481 /* 3rdParty */ = {
			isa = PBXGroup;
			children = (
				6E8C957C217794FB00C64BFC /* ffmpeg */,
			);
			path = 3rdParty;
			sourceTree = "<group>";
		};
		6EFCEE5C216ECBF00036F481 /* AudioSession */ = {
			isa = PBXGroup;
			children = (
				6EFCEE74216ECC6F0036F481 /* AVAudioSession+RouteUtils.h */,
				6EFCEE76216ECC6F0036F481 /* AVAudioSession+RouteUtils.m */,
				6EFCEE73216ECC6E0036F481 /* ELAudioSession.h */,
				6EFCEE75216ECC6F0036F481 /* ELAudioSession.m */,
			);
			path = AudioSession;
			sourceTree = "<group>";
		};
		6EFCEE5D216ECC130036F481 /* libffmpeg_decoder */ = {
			isa = PBXGroup;
			children = (
				6EFCEE5E216ECC130036F481 /* packet_queue.h */,
				6EFCEE5F216ECC130036F481 /* packet_pool.cpp */,
				6EFCEE60216ECC130036F481 /* accompany_decoder.cpp */,
				6EFCEE61216ECC130036F481 /* accompany_decoder_controller.h */,
				6EFCEE62216ECC130036F481 /* packet_pool.h */,
				6EFCEE63216ECC130036F481 /* accompany_decoder.h */,
				6EFCEE64216ECC130036F481 /* packet_queue.cpp */,
				6EFCEE65216ECC130036F481 /* accompany_decoder_controller.cpp */,
			);
			path = libffmpeg_decoder;
			sourceTree = "<group>";
		};
		6EFCEE6A216ECC240036F481 /* resource */ = {
			isa = PBXGroup;
			children = (
				6EFCEE6B216ECC240036F481 /* 111.aac */,
				6EFCEE6C216ECC240036F481 /* 131.aac */,
			);
			path = resource;
			sourceTree = "<group>";
		};
		6EFCEE6F216ECC3F0036F481 /* utils */ = {
			isa = PBXGroup;
			children = (
				6EFCEE70216ECC3F0036F481 /* CommonUtil.m */,
				6EFCEE71216ECC3F0036F481 /* CommonUtil.h */,
			);
			path = utils;
			sourceTree = "<group>";
		};
/* End PBXGroup section */

/* Begin PBXNativeTarget section */
		6EFCED24216ECAAE0036F481 /* AudioPlayer */ = {
			isa = PBXNativeTarget;
			buildConfigurationList = 6EFCED51216ECAB00036F481 /* Build configuration list for PBXNativeTarget "AudioPlayer" */;
			buildPhases = (
				6EFCED21216ECAAE0036F481 /* Sources */,
				6EFCED22216ECAAE0036F481 /* Frameworks */,
				6EFCED23216ECAAE0036F481 /* Resources */,
			);
			buildRules = (
			);
			dependencies = (
			);
			name = AudioPlayer;
			productName = AudioPlayer;
			productReference = 6EFCED25216ECAAE0036F481 /* AudioPlayer.app */;
			productType = "com.apple.product-type.application";
		};
		6EFCED3C216ECAB00036F481 /* AudioPlayerTests */ = {
			isa = PBXNativeTarget;
			buildConfigurationList = 6EFCED54216ECAB00036F481 /* Build configuration list for PBXNativeTarget "AudioPlayerTests" */;
			buildPhases = (
				6EFCED39216ECAB00036F481 /* Sources */,
				6EFCED3A216ECAB00036F481 /* Frameworks */,
				6EFCED3B216ECAB00036F481 /* Resources */,
			);
			buildRules = (
			);
			dependencies = (
				6EFCED3F216ECAB00036F481 /* PBXTargetDependency */,
			);
			name = AudioPlayerTests;
			productName = AudioPlayerTests;
			productReference = 6EFCED3D216ECAB00036F481 /* AudioPlayerTests.xctest */;
			productType = "com.apple.product-type.bundle.unit-test";
		};
		6EFCED47216ECAB00036F481 /* AudioPlayerUITests */ = {
			isa = PBXNativeTarget;
			buildConfigurationList = 6EFCED57216ECAB00036F481 /* Build configuration list for PBXNativeTarget "AudioPlayerUITests" */;
			buildPhases = (
				6EFCED44216ECAB00036F481 /* Sources */,
				6EFCED45216ECAB00036F481 /* Frameworks */,
				6EFCED46216ECAB00036F481 /* Resources */,
			);
			buildRules = (
			);
			dependencies = (
				6EFCED4A216ECAB00036F481 /* PBXTargetDependency */,
			);
			name = AudioPlayerUITests;
			productName = AudioPlayerUITests;
			productReference = 6EFCED48216ECAB00036F481 /* AudioPlayerUITests.xctest */;
			productType = "com.apple.product-type.bundle.ui-testing";
		};
/* End PBXNativeTarget section */

/* Begin PBXProject section */
		6EFCED1D216ECAAD0036F481 /* Project object */ = {
			isa = PBXProject;
			attributes = {
				LastUpgradeCheck = 1000;
				ORGANIZATIONNAME = "郝一鹏";
				TargetAttributes = {
					6EFCED24216ECAAE0036F481 = {
						CreatedOnToolsVersion = 10.0;
					};
					6EFCED3C216ECAB00036F481 = {
						CreatedOnToolsVersion = 10.0;
						TestTargetID = 6EFCED24216ECAAE0036F481;
					};
					6EFCED47216ECAB00036F481 = {
						CreatedOnToolsVersion = 10.0;
						TestTargetID = 6EFCED24216ECAAE0036F481;
					};
				};
			};
			buildConfigurationList = 6EFCED20216ECAAD0036F481 /* Build configuration list for PBXProject "AudioPlayer" */;
			compatibilityVersion = "Xcode 9.3";
			developmentRegion = en;
			hasScannedForEncodings = 0;
			knownRegions = (
				en,
				Base,
			);
			mainGroup = 6EFCED1C216ECAAD0036F481;
			productRefGroup = 6EFCED26216ECAAE0036F481 /* Products */;
			projectDirPath = "";
			projectRoot = "";
			targets = (
				6EFCED24216ECAAE0036F481 /* AudioPlayer */,
				6EFCED3C216ECAB00036F481 /* AudioPlayerTests */,
				6EFCED47216ECAB00036F481 /* AudioPlayerUITests */,
			);
		};
/* End PBXProject section */

/* Begin PBXResourcesBuildPhase section */
		6EFCED23216ECAAE0036F481 /* Resources */ = {
			isa = PBXResourcesBuildPhase;
			buildActionMask = 2147483647;
			files = (
				6EFCED35216ECAB00036F481 /* LaunchScreen.storyboard in Resources */,
				6EFCEE6D216ECC240036F481 /* 111.aac in Resources */,
				6EFCED32216ECAB00036F481 /* Assets.xcassets in Resources */,
				6EFCED30216ECAAE0036F481 /* Main.storyboard in Resources */,
				6EFCEE6E216ECC240036F481 /* 131.aac in Resources */,
			);
			runOnlyForDeploymentPostprocessing = 0;
		};
		6EFCED3B216ECAB00036F481 /* Resources */ = {
			isa = PBXResourcesBuildPhase;
			buildActionMask = 2147483647;
			files = (
			);
			runOnlyForDeploymentPostprocessing = 0;
		};
		6EFCED46216ECAB00036F481 /* Resources */ = {
			isa = PBXResourcesBuildPhase;
			buildActionMask = 2147483647;
			files = (
			);
			runOnlyForDeploymentPostprocessing = 0;
		};
/* End PBXResourcesBuildPhase section */

/* Begin PBXSourcesBuildPhase section */
		6EFCED21216ECAAE0036F481 /* Sources */ = {
			isa = PBXSourcesBuildPhase;
			buildActionMask = 2147483647;
			files = (
				6EFCEE69216ECC130036F481 /* accompany_decoder_controller.cpp in Sources */,
				6EFCED2D216ECAAE0036F481 /* ViewController.m in Sources */,
				6EFCEE78216ECC6F0036F481 /* AVAudioSession+RouteUtils.m in Sources */,
				6EFCEE66216ECC130036F481 /* packet_pool.cpp in Sources */,
				6EFCEE77216ECC6F0036F481 /* ELAudioSession.m in Sources */,
				6EFCEE67216ECC130036F481 /* accompany_decoder.cpp in Sources */,
				6EFCED38216ECAB00036F481 /* main.m in Sources */,
				6EB21FDF2175697D00F682F2 /* AudioPlayer.mm in Sources */,
				6EFCEE7B216ECC890036F481 /* AudioOutput.m in Sources */,
				6EFCED2A216ECAAE0036F481 /* AppDelegate.m in Sources */,
				6EFCEE72216ECC400036F481 /* CommonUtil.m in Sources */,
				6EFCEE68216ECC130036F481 /* packet_queue.cpp in Sources */,
			);
			runOnlyForDeploymentPostprocessing = 0;
		};
		6EFCED39216ECAB00036F481 /* Sources */ = {
			isa = PBXSourcesBuildPhase;
			buildActionMask = 2147483647;
			files = (
				6EFCED42216ECAB00036F481 /* AudioPlayerTests.m in Sources */,
			);
			runOnlyForDeploymentPostprocessing = 0;
		};
		6EFCED44216ECAB00036F481 /* Sources */ = {
			isa = PBXSourcesBuildPhase;
			buildActionMask = 2147483647;
			files = (
				6EFCED4D216ECAB00036F481 /* AudioPlayerUITests.m in Sources */,
			);
			runOnlyForDeploymentPostprocessing = 0;
		};
/* End PBXSourcesBuildPhase section */

/* Begin PBXTargetDependency section */
		6EFCED3F216ECAB00036F481 /* PBXTargetDependency */ = {
			isa = PBXTargetDependency;
			target = 6EFCED24216ECAAE0036F481 /* AudioPlayer */;
			targetProxy = 6EFCED3E216ECAB00036F481 /* PBXContainerItemProxy */;
		};
		6EFCED4A216ECAB00036F481 /* PBXTargetDependency */ = {
			isa = PBXTargetDependency;
			target = 6EFCED24216ECAAE0036F481 /* AudioPlayer */;
			targetProxy = 6EFCED49216ECAB00036F481 /* PBXContainerItemProxy */;
		};
/* End PBXTargetDependency section */

/* Begin PBXVariantGroup section */
		6EFCED2E216ECAAE0036F481 /* Main.storyboard */ = {
			isa = PBXVariantGroup;
			children = (
				6EFCED2F216ECAAE0036F481 /* Base */,
			);
			name = Main.storyboard;
			sourceTree = "<group>";
		};
		6EFCED33216ECAB00036F481 /* LaunchScreen.storyboard */ = {
			isa = PBXVariantGroup;
			children = (
				6EFCED34216ECAB00036F481 /* Base */,
			);
			name = LaunchScreen.storyboard;
			sourceTree = "<group>";
		};
/* End PBXVariantGroup section */

/* Begin XCBuildConfiguration section */
		6EFCED4F216ECAB00036F481 /* Debug */ = {
			isa = XCBuildConfiguration;
			buildSettings = {
				ALWAYS_SEARCH_USER_PATHS = NO;
				CLANG_ANALYZER_NONNULL = YES;
				CLANG_ANALYZER_NUMBER_OBJECT_CONVERSION = YES_AGGRESSIVE;
				CLANG_CXX_LANGUAGE_STANDARD = "gnu++14";
				CLANG_CXX_LIBRARY = "libc++";
				CLANG_ENABLE_MODULES = YES;
				CLANG_ENABLE_OBJC_ARC = YES;
				CLANG_ENABLE_OBJC_WEAK = YES;
				CLANG_WARN_BLOCK_CAPTURE_AUTORELEASING = YES;
				CLANG_WARN_BOOL_CONVERSION = YES;
				CLANG_WARN_COMMA = YES;
				CLANG_WARN_CONSTANT_CONVERSION = YES;
				CLANG_WARN_DEPRECATED_OBJC_IMPLEMENTATIONS = YES;
				CLANG_WARN_DIRECT_OBJC_ISA_USAGE = YES_ERROR;
				CLANG_WARN_DOCUMENTATION_COMMENTS = YES;
				CLANG_WARN_EMPTY_BODY = YES;
				CLANG_WARN_ENUM_CONVERSION = YES;
				CLANG_WARN_INFINITE_RECURSION = YES;
				CLANG_WARN_INT_CONVERSION = YES;
				CLANG_WARN_NON_LITERAL_NULL_CONVERSION = YES;
				CLANG_WARN_OBJC_IMPLICIT_RETAIN_SELF = YES;
				CLANG_WARN_OBJC_LITERAL_CONVERSION = YES;
				CLANG_WARN_OBJC_ROOT_CLASS = YES_ERROR;
				CLANG_WARN_RANGE_LOOP_ANALYSIS = YES;
				CLANG_WARN_STRICT_PROTOTYPES = YES;
				CLANG_WARN_SUSPICIOUS_MOVE = YES;
				CLANG_WARN_UNGUARDED_AVAILABILITY = YES_AGGRESSIVE;
				CLANG_WARN_UNREACHABLE_CODE = YES;
				CLANG_WARN__DUPLICATE_METHOD_MATCH = YES;
				CODE_SIGN_IDENTITY = "iPhone Developer";
				COPY_PHASE_STRIP = NO;
				DEBUG_INFORMATION_FORMAT = dwarf;
				ENABLE_STRICT_OBJC_MSGSEND = YES;
				ENABLE_TESTABILITY = YES;
				FRAMEWORK_SEARCH_PATHS = "";
				GCC_C_LANGUAGE_STANDARD = gnu11;
				GCC_DYNAMIC_NO_PIC = NO;
				GCC_NO_COMMON_BLOCKS = YES;
				GCC_OPTIMIZATION_LEVEL = 0;
				GCC_PREPROCESSOR_DEFINITIONS = (
					"DEBUG=1",
					"$(inherited)",
				);
				GCC_WARN_64_TO_32_BIT_CONVERSION = YES;
				GCC_WARN_ABOUT_RETURN_TYPE = YES_ERROR;
				GCC_WARN_UNDECLARED_SELECTOR = YES;
				GCC_WARN_UNINITIALIZED_AUTOS = YES_AGGRESSIVE;
				GCC_WARN_UNUSED_FUNCTION = YES;
				GCC_WARN_UNUSED_VARIABLE = YES;
				IPHONEOS_DEPLOYMENT_TARGET = 12.0;
				MTL_ENABLE_DEBUG_INFO = INCLUDE_SOURCE;
				MTL_FAST_MATH = YES;
				ONLY_ACTIVE_ARCH = YES;
				SDKROOT = iphoneos;
				VALID_ARCHS = "arm64 armv7";
			};
			name = Debug;
		};
		6EFCED50216ECAB00036F481 /* Release */ = {
			isa = XCBuildConfiguration;
			buildSettings = {
				ALWAYS_SEARCH_USER_PATHS = NO;
				CLANG_ANALYZER_NONNULL = YES;
				CLANG_ANALYZER_NUMBER_OBJECT_CONVERSION = YES_AGGRESSIVE;
				CLANG_CXX_LANGUAGE_STANDARD = "gnu++14";
				CLANG_CXX_LIBRARY = "libc++";
				CLANG_ENABLE_MODULES = YES;
				CLANG_ENABLE_OBJC_ARC = YES;
				CLANG_ENABLE_OBJC_WEAK = YES;
				CLANG_WARN_BLOCK_CAPTURE_AUTORELEASING = YES;
				CLANG_WARN_BOOL_CONVERSION = YES;
				CLANG_WARN_COMMA = YES;
				CLANG_WARN_CONSTANT_CONVERSION = YES;
				CLANG_WARN_DEPRECATED_OBJC_IMPLEMENTATIONS = YES;
				CLANG_WARN_DIRECT_OBJC_ISA_USAGE = YES_ERROR;
				CLANG_WARN_DOCUMENTATION_COMMENTS = YES;
				CLANG_WARN_EMPTY_BODY = YES;
				CLANG_WARN_ENUM_CONVERSION = YES;
				CLANG_WARN_INFINITE_RECURSION = YES;
				CLANG_WARN_INT_CONVERSION = YES;
				CLANG_WARN_NON_LITERAL_NULL_CONVERSION = YES;
				CLANG_WARN_OBJC_IMPLICIT_RETAIN_SELF = YES;
				CLANG_WARN_OBJC_LITERAL_CONVERSION = YES;
				CLANG_WARN_OBJC_ROOT_CLASS = YES_ERROR;
				CLANG_WARN_RANGE_LOOP_ANALYSIS = YES;
				CLANG_WARN_STRICT_PROTOTYPES = YES;
				CLANG_WARN_SUSPICIOUS_MOVE = YES;
				CLANG_WARN_UNGUARDED_AVAILABILITY = YES_AGGRESSIVE;
				CLANG_WARN_UNREACHABLE_CODE = YES;
				CLANG_WARN__DUPLICATE_METHOD_MATCH = YES;
				CODE_SIGN_IDENTITY = "iPhone Developer";
				COPY_PHASE_STRIP = NO;
				DEBUG_INFORMATION_FORMAT = "dwarf-with-dsym";
				ENABLE_NS_ASSERTIONS = NO;
				ENABLE_STRICT_OBJC_MSGSEND = YES;
				FRAMEWORK_SEARCH_PATHS = "";
				GCC_C_LANGUAGE_STANDARD = gnu11;
				GCC_NO_COMMON_BLOCKS = YES;
				GCC_WARN_64_TO_32_BIT_CONVERSION = YES;
				GCC_WARN_ABOUT_RETURN_TYPE = YES_ERROR;
				GCC_WARN_UNDECLARED_SELECTOR = YES;
				GCC_WARN_UNINITIALIZED_AUTOS = YES_AGGRESSIVE;
				GCC_WARN_UNUSED_FUNCTION = YES;
				GCC_WARN_UNUSED_VARIABLE = YES;
				IPHONEOS_DEPLOYMENT_TARGET = 12.0;
				MTL_ENABLE_DEBUG_INFO = NO;
				MTL_FAST_MATH = YES;
				SDKROOT = iphoneos;
				VALIDATE_PRODUCT = YES;
				VALID_ARCHS = "arm64 armv7";
			};
			name = Release;
		};
		6EFCED52216ECAB00036F481 /* Debug */ = {
			isa = XCBuildConfiguration;
			buildSettings = {
				ASSETCATALOG_COMPILER_APPICON_NAME = AppIcon;
				CODE_SIGN_STYLE = Automatic;
				DEVELOPMENT_TEAM = 8H2FDT6QCT;
				ENABLE_BITCODE = NO;
				HEADER_SEARCH_PATHS = "$(PROJECT_DIR)/AudioPlayer/3rdParty/ffmpeg/include";
				INFOPLIST_FILE = AudioPlayer/Info.plist;
				LD_RUNPATH_SEARCH_PATHS = (
					"$(inherited)",
					"@executable_path/Frameworks",
				);
				LIBRARY_SEARCH_PATHS = "$(PROJECT_DIR)/AudioPlayer/3rdParty/ffmpeg/lib";
				PRODUCT_BUNDLE_IDENTIFIER = com.Pandada.AudioPlayer;
				PRODUCT_NAME = "$(TARGET_NAME)";
				TARGETED_DEVICE_FAMILY = "1,2";
			};
			name = Debug;
		};
		6EFCED53216ECAB00036F481 /* Release */ = {
			isa = XCBuildConfiguration;
			buildSettings = {
				ASSETCATALOG_COMPILER_APPICON_NAME = AppIcon;
				CODE_SIGN_STYLE = Automatic;
				DEVELOPMENT_TEAM = 8H2FDT6QCT;
				ENABLE_BITCODE = NO;
				HEADER_SEARCH_PATHS = "$(PROJECT_DIR)/AudioPlayer/3rdParty/ffmpeg/include";
				INFOPLIST_FILE = AudioPlayer/Info.plist;
				LD_RUNPATH_SEARCH_PATHS = (
					"$(inherited)",
					"@executable_path/Frameworks",
				);
				LIBRARY_SEARCH_PATHS = "$(PROJECT_DIR)/AudioPlayer/3rdParty/ffmpeg/lib";
				PRODUCT_BUNDLE_IDENTIFIER = com.Pandada.AudioPlayer;
				PRODUCT_NAME = "$(TARGET_NAME)";
				TARGETED_DEVICE_FAMILY = "1,2";
			};
			name = Release;
		};
		6EFCED55216ECAB00036F481 /* Debug */ = {
			isa = XCBuildConfiguration;
			buildSettings = {
				BUNDLE_LOADER = "$(TEST_HOST)";
				CODE_SIGN_STYLE = Automatic;
				DEVELOPMENT_TEAM = 8H2FDT6QCT;
				INFOPLIST_FILE = AudioPlayerTests/Info.plist;
				LD_RUNPATH_SEARCH_PATHS = (
					"$(inherited)",
					"@executable_path/Frameworks",
					"@loader_path/Frameworks",
				);
				PRODUCT_BUNDLE_IDENTIFIER = com.Pandada.AudioPlayerTests;
				PRODUCT_NAME = "$(TARGET_NAME)";
				TARGETED_DEVICE_FAMILY = "1,2";
				TEST_HOST = "$(BUILT_PRODUCTS_DIR)/AudioPlayer.app/AudioPlayer";
			};
			name = Debug;
		};
		6EFCED56216ECAB00036F481 /* Release */ = {
			isa = XCBuildConfiguration;
			buildSettings = {
				BUNDLE_LOADER = "$(TEST_HOST)";
				CODE_SIGN_STYLE = Automatic;
				DEVELOPMENT_TEAM = 8H2FDT6QCT;
				INFOPLIST_FILE = AudioPlayerTests/Info.plist;
				LD_RUNPATH_SEARCH_PATHS = (
					"$(inherited)",
					"@executable_path/Frameworks",
					"@loader_path/Frameworks",
				);
				PRODUCT_BUNDLE_IDENTIFIER = com.Pandada.AudioPlayerTests;
				PRODUCT_NAME = "$(TARGET_NAME)";
				TARGETED_DEVICE_FAMILY = "1,2";
				TEST_HOST = "$(BUILT_PRODUCTS_DIR)/AudioPlayer.app/AudioPlayer";
			};
			name = Release;
		};
		6EFCED58216ECAB00036F481 /* Debug */ = {
			isa = XCBuildConfiguration;
			buildSettings = {
				CODE_SIGN_STYLE = Automatic;
				DEVELOPMENT_TEAM = 8H2FDT6QCT;
				INFOPLIST_FILE = AudioPlayerUITests/Info.plist;
				LD_RUNPATH_SEARCH_PATHS = (
					"$(inherited)",
					"@executable_path/Frameworks",
					"@loader_path/Frameworks",
				);
				PRODUCT_BUNDLE_IDENTIFIER = com.Pandada.AudioPlayerUITests;
				PRODUCT_NAME = "$(TARGET_NAME)";
				TARGETED_DEVICE_FAMILY = "1,2";
				TEST_TARGET_NAME = AudioPlayer;
			};
			name = Debug;
		};
		6EFCED59216ECAB00036F481 /* Release */ = {
			isa = XCBuildConfiguration;
			buildSettings = {
				CODE_SIGN_STYLE = Automatic;
				DEVELOPMENT_TEAM = 8H2FDT6QCT;
				INFOPLIST_FILE = AudioPlayerUITests/Info.plist;
				LD_RUNPATH_SEARCH_PATHS = (
					"$(inherited)",
					"@executable_path/Frameworks",
					"@loader_path/Frameworks",
				);
				PRODUCT_BUNDLE_IDENTIFIER = com.Pandada.AudioPlayerUITests;
				PRODUCT_NAME = "$(TARGET_NAME)";
				TARGETED_DEVICE_FAMILY = "1,2";
				TEST_TARGET_NAME = AudioPlayer;
			};
			name = Release;
		};
/* End XCBuildConfiguration section */

/* Begin XCConfigurationList section */
		6EFCED20216ECAAD0036F481 /* Build configuration list for PBXProject "AudioPlayer" */ = {
			isa = XCConfigurationList;
			buildConfigurations = (
				6EFCED4F216ECAB00036F481 /* Debug */,
				6EFCED50216ECAB00036F481 /* Release */,
			);
			defaultConfigurationIsVisible = 0;
			defaultConfigurationName = Release;
		};
		6EFCED51216ECAB00036F481 /* Build configuration list for PBXNativeTarget "AudioPlayer" */ = {
			isa = XCConfigurationList;
			buildConfigurations = (
				6EFCED52216ECAB00036F481 /* Debug */,
				6EFCED53216ECAB00036F481 /* Release */,
			);
			defaultConfigurationIsVisible = 0;
			defaultConfigurationName = Release;
		};
		6EFCED54216ECAB00036F481 /* Build configuration list for PBXNativeTarget "AudioPlayerTests" */ = {
			isa = XCConfigurationList;
			buildConfigurations = (
				6EFCED55216ECAB00036F481 /* Debug */,
				6EFCED56216ECAB00036F481 /* Release */,
			);
			defaultConfigurationIsVisible = 0;
			defaultConfigurationName = Release;
		};
		6EFCED57216ECAB00036F481 /* Build configuration list for PBXNativeTarget "AudioPlayerUITests" */ = {
			isa = XCConfigurationList;
			buildConfigurations = (
				6EFCED58216ECAB00036F481 /* Debug */,
				6EFCED59216ECAB00036F481 /* Release */,
			);
			defaultConfigurationIsVisible = 0;
			defaultConfigurationName = Release;
		};
/* End XCConfigurationList section */
	};
	rootObject = 6EFCED1D216ECAAD0036F481 /* Project object */;
}
